<?xml version="1.0" encoding="utf-8"?>
<Project ToolsVersion="4.0" xmlns="http://schemas.microsoft.com/developer/msbuild/2003">
  <ItemGroup>
    <Filter Include="Header Files">
      <UniqueIdentifier>{93995380-89BD-4b04-88EB-625FBE52EBFB}</UniqueIdentifier>
      <Extensions>h</Extensions>
    </Filter>
    <Filter Include="Form Files">
      <UniqueIdentifier>{99349809-55BA-4b9d-BF79-8FDBB0286EB3}</UniqueIdentifier>
      <Extensions>ui</Extensions>
    </Filter>
    <Filter Include="Resource Files">
      <UniqueIdentifier>{D9D6E242-F8AF-46E4-B9FD-80ECBC20BA3E}</UniqueIdentifier>
      <Extensions>qrc;*</Extensions>
      <ParseFiles>false</ParseFiles>
    </Filter>
    <Filter Include="Generated Files">
      <UniqueIdentifier>{71ED8ED8-ACB9-4CE9-BBE1-E00B30144E11}</UniqueIdentifier>
      <Extensions>moc;h;cpp</Extensions>
      <SourceControlFiles>False</SourceControlFiles>
    </Filter>
    <Filter Include="Source Files">
      <UniqueIdentifier>{4FC737F1-C7A5-4376-A066-2A32D752A2FF}</UniqueIdentifier>
      <Extensions>cpp;cxx;c;def</Extensions>
    </Filter>
    <Filter Include="Generated Files\Debug">
      <UniqueIdentifier>{81cb9880-9146-4f44-bb3a-7ffe036037b0}</UniqueIdentifier>
    </Filter>
    <Filter Include="Generated Files\Release">
      <UniqueIdentifier>{62210bea-cbd5-4430-9d0f-7936412e8f7c}</UniqueIdentifier>
    </Filter>
  </ItemGroup>
  <ItemGroup>
    <ClCompile Include="GeneratedFiles\qrc_mainwindow.cpp">
      <Filter>Generated Files</Filter>
    </ClCompile>
    <ClCompile Include="GeneratedFiles\Debug\moc_mainwindow.cpp">
      <Filter>Generated Files\Debug</Filter>
    </ClCompile>
    <ClCompile Include="GeneratedFiles\Release\moc_mainwindow.cpp">
      <Filter>Generated Files\Release</Filter>
    </ClCompile>
    <ClCompile Include="src\cydevice.cpp">
      <Filter>Source Files</Filter>
    </ClCompile>
    <ClCompile Include="src\imagefifo.cpp">
      <Filter>Source Files</Filter>
    </ClCompile>
    <ClCompile Include="src\imagemodel.cpp">
      <Filter>Source Files</Filter>
    </ClCompile>
    <ClCompile Include="src\imageprocess.cpp">
      <Filter>Source Files</Filter>
    </ClCompile>
    <ClCompile Include="src\main.cpp">
      <Filter>Source Files</Filter>
    </ClCompile>
    <ClCompile Include="src\mainwindow.cpp">
      <Filter>Source Files</Filter>
    </ClCompile>
  </ItemGroup>
  <ItemGroup>
    <CustomBuild Include="mainwindow.qrc">
      <Filter>Resource Files</Filter>
    </CustomBuild>
    <CustomBuild Include="mainwindow.ui">
      <Filter>Form Files</Filter>
    </CustomBuild>
    <CustomBuild Include="inc\mainwindow.h">
      <Filter>Header Files</Filter>
    </CustomBuild>
  </ItemGroup>
  <ItemGroup>
    <ClInclude Include="GeneratedFiles\ui_mainwindow.h">
      <Filter>Generated Files</Filter>
    </ClInclude>
    <ClInclude Include="inc\cydevice.h">
      <Filter>Header Files</Filter>
    </ClInclude>
    <ClInclude Include="inc\imagefifo.h">
      <Filter>Header Files</Filter>
    </ClInclude>
    <ClInclude Include="inc\imagemodel.h">
      <Filter>Header Files</Filter>
    </ClInclude>
    <ClInclude Include="inc\imageprocess.h">
      <Filter>Header Files</Filter>
    </ClInclude>
    <ClInclude Include="inc\third_party\CyAPI.h">
      <Filter>Header Files</Filter>
    </ClInclude>
  </ItemGroup>
  <ItemGroup>
    <ResourceCompile Include="camera.rc">
      <Filter>Resource Files</Filter>
    </ResourceCompile>
  </ItemGroup>
  <ItemGroup>
    <None Include="Win32\Debug\opencv_calib3d2411d.dll">
      <Filter>Generated Files\Debug</Filter>
    </None>
    <None Include="Win32\Debug\opencv_core2411d.dll">
      <Filter>Generated Files\Debug</Filter>
    </None>
    <None Include="Win32\Debug\opencv_highgui2411d.dll">
      <Filter>Generated Files\Debug</Filter>
    </None>
    <None Include="Win32\Debug\opencv_imgproc2411d.dll">
      <Filter>Generated Files\Debug</Filter>
    </None>
    <None Include="Win32\Debug\Qt5Cored.dll">
      <Filter>Generated Files\Debug</Filter>
    </None>
    <None Include="Win32\Debug\Qt5Guid.dll">
      <Filter>Generated Files\Debug</Filter>
    </None>
    <None Include="Win32\Debug\Qt5Widgetsd.dll">
      <Filter>Generated Files\Debug</Filter>
    </None>
    <None Include="Win32\Release\opencv_calib3d2411.dll">
      <Filter>Generated Files\Release</Filter>
    </None>
    <None Include="Win32\Release\opencv_core2411.dll">
      <Filter>Generated Files\Release</Filter>
    </None>
    <None Include="Win32\Release\opencv_highgui2411.dll">
      <Filter>Generated Files\Release</Filter>
    </None>
    <None Include="Win32\Release\opencv_imgproc2411.dll">
      <Filter>Generated Files\Release</Filter>
    </None>
  </ItemGroup>
</Project>